
Microsoft Visual Studio Solution File, Format Version 12.00
Project("{FAE04EC0-301F-11D3-BF4B-00C04F79EFBC}") = "ObjectOrientedApp", "ObjectOrientedApp\ObjectOrientedApp.csproj", "{FBAEF163-CDB3-41A3-8887-9C2E7F8142ED}"
EndProject
Project("{FAE04EC0-301F-11D3-BF4B-00C04F79EFBC}") = "PointApp", "PointApp\PointApp.csproj", "{A214B009-8E95-4C89-88F1-060554DDEA71}"
EndProject
Project("{FAE04EC0-301F-11D3-BF4B-00C04F79EFBC}") = "Copying", "Copying\Copying.csproj", "{D01DA29E-BE6D-4E6A-A937-CF8570472674}"
EndProject
Project("{FAE04EC0-301F-11D3-BF4B-00C04F79EFBC}") = "Fraction", "Fraction\Fraction.csproj", "{82BEF6DF-F283-48A1-8FC5-68226F156930}"
EndProject
Project("{FAE04EC0-301F-11D3-BF4B-00C04F79EFBC}") = "InterfacesApp", "InterfacesApp\InterfacesApp.csproj", "{7D605833-12CA-46B8-9FAD-DECFFC5888D2}"
EndProject
Project("{FAE04EC0-301F-11D3-BF4B-00C04F79EFBC}") = "AnimalSaysHi", "AnimalSaysHi\AnimalSaysHi.csproj", "{0F9DFC30-8EA5-4727-92F5-32124E6DA276}"
EndProject
Project("{FAE04EC0-301F-11D3-BF4B-00C04F79EFBC}") = "PointMonolithic", "PointMonolithic\PointMonolithic.csproj", "{098F7F85-09D5-45C4-8879-7000DD548866}"
EndProject
Project("{FAE04EC0-301F-11D3-BF4B-00C04F79EFBC}") = "AbstractClassesApp", "AbstractClassesApp\AbstractClassesApp.csproj", "{BC38138B-66FB-4811-A0E5-7999DDB27F0D}"
EndProject
Project("{FAE04EC0-301F-11D3-BF4B-00C04F79EFBC}") = "CollectionsApp", "CollectionsApp\CollectionsApp.csproj", "{8420EF0F-35A0-49D3-998D-A0B03343F4F5}"
EndProject
Project("{FAE04EC0-301F-11D3-BF4B-00C04F79EFBC}") = "CollectionsAppDemo", "CollectionsAppDemo\CollectionsAppDemo.csproj", "{F18B54DF-7551-46E5-991E-B2C11624F388}"
EndProject
Project("{FAE04EC0-301F-11D3-BF4B-00C04F79EFBC}") = "ProductsCompareApp", "ProductsCompareApp\ProductsCompareApp.csproj", "{CAE8A829-5B84-4421-A1FE-60964F344C0F}"
EndProject
Project("{FAE04EC0-301F-11D3-BF4B-00C04F79EFBC}") = "LinqApp", "LinqApp\LinqApp.csproj", "{AD98C697-2748-493E-8F43-992EA21FCBBA}"
EndProject
Project("{FAE04EC0-301F-11D3-BF4B-00C04F79EFBC}") = "TransportDemo", "TransportDemo\TransportDemo.csproj", "{95255F26-6B4A-4086-B26C-2AAF340AF39A}"
EndProject
Project("{FAE04EC0-301F-11D3-BF4B-00C04F79EFBC}") = "StudentApp", "StudentApp\StudentApp.csproj", "{2BC5F0D1-EFA1-48E7-84AB-84CB5B918D9A}"
EndProject
Project("{FAE04EC0-301F-11D3-BF4B-00C04F79EFBC}") = "StackApp", "StackApp\StackApp.csproj", "{6031CE55-E97C-4F32-8832-834FE5FEFE3F}"
EndProject
Project("{FAE04EC0-301F-11D3-BF4B-00C04F79EFBC}") = "SinglyLinkList", "SinglyLinkList\SinglyLinkList.csproj", "{34B038C9-67EA-42F4-8935-E45D8299AE1E}"
EndProject
Project("{FAE04EC0-301F-11D3-BF4B-00C04F79EFBC}") = "FileManagement", "FileManagement\FileManagement.csproj", "{1AADA8D7-6D67-4AC0-89A3-40243679C816}"
EndProject
Project("{FAE04EC0-301F-11D3-BF4B-00C04F79EFBC}") = "LinkListDemo", "LinkListDemo\LinkListDemo.csproj", "{255C6836-3400-4800-870D-E455F5ACE4A4}"
EndProject
Global
	GlobalSection(SolutionConfigurationPlatforms) = preSolution
		Debug|Any CPU = Debug|Any CPU
		Release|Any CPU = Release|Any CPU
	EndGlobalSection
	GlobalSection(ProjectConfigurationPlatforms) = postSolution
		{FBAEF163-CDB3-41A3-8887-9C2E7F8142ED}.Debug|Any CPU.ActiveCfg = Debug|Any CPU
		{FBAEF163-CDB3-41A3-8887-9C2E7F8142ED}.Debug|Any CPU.Build.0 = Debug|Any CPU
		{FBAEF163-CDB3-41A3-8887-9C2E7F8142ED}.Release|Any CPU.ActiveCfg = Release|Any CPU
		{FBAEF163-CDB3-41A3-8887-9C2E7F8142ED}.Release|Any CPU.Build.0 = Release|Any CPU
		{A214B009-8E95-4C89-88F1-060554DDEA71}.Debug|Any CPU.ActiveCfg = Debug|Any CPU
		{A214B009-8E95-4C89-88F1-060554DDEA71}.Debug|Any CPU.Build.0 = Debug|Any CPU
		{A214B009-8E95-4C89-88F1-060554DDEA71}.Release|Any CPU.ActiveCfg = Release|Any CPU
		{A214B009-8E95-4C89-88F1-060554DDEA71}.Release|Any CPU.Build.0 = Release|Any CPU
		{D01DA29E-BE6D-4E6A-A937-CF8570472674}.Debug|Any CPU.ActiveCfg = Debug|Any CPU
		{D01DA29E-BE6D-4E6A-A937-CF8570472674}.Debug|Any CPU.Build.0 = Debug|Any CPU
		{D01DA29E-BE6D-4E6A-A937-CF8570472674}.Release|Any CPU.ActiveCfg = Release|Any CPU
		{D01DA29E-BE6D-4E6A-A937-CF8570472674}.Release|Any CPU.Build.0 = Release|Any CPU
		{82BEF6DF-F283-48A1-8FC5-68226F156930}.Debug|Any CPU.ActiveCfg = Debug|Any CPU
		{82BEF6DF-F283-48A1-8FC5-68226F156930}.Debug|Any CPU.Build.0 = Debug|Any CPU
		{82BEF6DF-F283-48A1-8FC5-68226F156930}.Release|Any CPU.ActiveCfg = Release|Any CPU
		{82BEF6DF-F283-48A1-8FC5-68226F156930}.Release|Any CPU.Build.0 = Release|Any CPU
		{7D605833-12CA-46B8-9FAD-DECFFC5888D2}.Debug|Any CPU.ActiveCfg = Debug|Any CPU
		{7D605833-12CA-46B8-9FAD-DECFFC5888D2}.Debug|Any CPU.Build.0 = Debug|Any CPU
		{7D605833-12CA-46B8-9FAD-DECFFC5888D2}.Release|Any CPU.ActiveCfg = Release|Any CPU
		{7D605833-12CA-46B8-9FAD-DECFFC5888D2}.Release|Any CPU.Build.0 = Release|Any CPU
		{0F9DFC30-8EA5-4727-92F5-32124E6DA276}.Debug|Any CPU.ActiveCfg = Debug|Any CPU
		{0F9DFC30-8EA5-4727-92F5-32124E6DA276}.Debug|Any CPU.Build.0 = Debug|Any CPU
		{0F9DFC30-8EA5-4727-92F5-32124E6DA276}.Release|Any CPU.ActiveCfg = Release|Any CPU
		{0F9DFC30-8EA5-4727-92F5-32124E6DA276}.Release|Any CPU.Build.0 = Release|Any CPU
		{098F7F85-09D5-45C4-8879-7000DD548866}.Debug|Any CPU.ActiveCfg = Debug|Any CPU
		{098F7F85-09D5-45C4-8879-7000DD548866}.Debug|Any CPU.Build.0 = Debug|Any CPU
		{098F7F85-09D5-45C4-8879-7000DD548866}.Release|Any CPU.ActiveCfg = Release|Any CPU
		{098F7F85-09D5-45C4-8879-7000DD548866}.Release|Any CPU.Build.0 = Release|Any CPU
		{BC38138B-66FB-4811-A0E5-7999DDB27F0D}.Debug|Any CPU.ActiveCfg = Debug|Any CPU
		{BC38138B-66FB-4811-A0E5-7999DDB27F0D}.Debug|Any CPU.Build.0 = Debug|Any CPU
		{BC38138B-66FB-4811-A0E5-7999DDB27F0D}.Release|Any CPU.ActiveCfg = Release|Any CPU
		{BC38138B-66FB-4811-A0E5-7999DDB27F0D}.Release|Any CPU.Build.0 = Release|Any CPU
		{8420EF0F-35A0-49D3-998D-A0B03343F4F5}.Debug|Any CPU.ActiveCfg = Debug|Any CPU
		{8420EF0F-35A0-49D3-998D-A0B03343F4F5}.Debug|Any CPU.Build.0 = Debug|Any CPU
		{8420EF0F-35A0-49D3-998D-A0B03343F4F5}.Release|Any CPU.ActiveCfg = Release|Any CPU
		{8420EF0F-35A0-49D3-998D-A0B03343F4F5}.Release|Any CPU.Build.0 = Release|Any CPU
		{F18B54DF-7551-46E5-991E-B2C11624F388}.Debug|Any CPU.ActiveCfg = Debug|Any CPU
		{F18B54DF-7551-46E5-991E-B2C11624F388}.Debug|Any CPU.Build.0 = Debug|Any CPU
		{F18B54DF-7551-46E5-991E-B2C11624F388}.Release|Any CPU.ActiveCfg = Release|Any CPU
		{F18B54DF-7551-46E5-991E-B2C11624F388}.Release|Any CPU.Build.0 = Release|Any CPU
		{CAE8A829-5B84-4421-A1FE-60964F344C0F}.Debug|Any CPU.ActiveCfg = Debug|Any CPU
		{CAE8A829-5B84-4421-A1FE-60964F344C0F}.Debug|Any CPU.Build.0 = Debug|Any CPU
		{CAE8A829-5B84-4421-A1FE-60964F344C0F}.Release|Any CPU.ActiveCfg = Release|Any CPU
		{CAE8A829-5B84-4421-A1FE-60964F344C0F}.Release|Any CPU.Build.0 = Release|Any CPU
		{AD98C697-2748-493E-8F43-992EA21FCBBA}.Debug|Any CPU.ActiveCfg = Debug|Any CPU
		{AD98C697-2748-493E-8F43-992EA21FCBBA}.Debug|Any CPU.Build.0 = Debug|Any CPU
		{AD98C697-2748-493E-8F43-992EA21FCBBA}.Release|Any CPU.ActiveCfg = Release|Any CPU
		{AD98C697-2748-493E-8F43-992EA21FCBBA}.Release|Any CPU.Build.0 = Release|Any CPU
		{95255F26-6B4A-4086-B26C-2AAF340AF39A}.Debug|Any CPU.ActiveCfg = Debug|Any CPU
		{95255F26-6B4A-4086-B26C-2AAF340AF39A}.Debug|Any CPU.Build.0 = Debug|Any CPU
		{95255F26-6B4A-4086-B26C-2AAF340AF39A}.Release|Any CPU.ActiveCfg = Release|Any CPU
		{95255F26-6B4A-4086-B26C-2AAF340AF39A}.Release|Any CPU.Build.0 = Release|Any CPU
		{2BC5F0D1-EFA1-48E7-84AB-84CB5B918D9A}.Debug|Any CPU.ActiveCfg = Debug|Any CPU
		{2BC5F0D1-EFA1-48E7-84AB-84CB5B918D9A}.Debug|Any CPU.Build.0 = Debug|Any CPU
		{2BC5F0D1-EFA1-48E7-84AB-84CB5B918D9A}.Release|Any CPU.ActiveCfg = Release|Any CPU
		{2BC5F0D1-EFA1-48E7-84AB-84CB5B918D9A}.Release|Any CPU.Build.0 = Release|Any CPU
		{6031CE55-E97C-4F32-8832-834FE5FEFE3F}.Debug|Any CPU.ActiveCfg = Debug|Any CPU
		{6031CE55-E97C-4F32-8832-834FE5FEFE3F}.Debug|Any CPU.Build.0 = Debug|Any CPU
		{6031CE55-E97C-4F32-8832-834FE5FEFE3F}.Release|Any CPU.ActiveCfg = Release|Any CPU
		{6031CE55-E97C-4F32-8832-834FE5FEFE3F}.Release|Any CPU.Build.0 = Release|Any CPU
		{34B038C9-67EA-42F4-8935-E45D8299AE1E}.Debug|Any CPU.ActiveCfg = Debug|Any CPU
		{34B038C9-67EA-42F4-8935-E45D8299AE1E}.Debug|Any CPU.Build.0 = Debug|Any CPU
		{34B038C9-67EA-42F4-8935-E45D8299AE1E}.Release|Any CPU.ActiveCfg = Release|Any CPU
		{34B038C9-67EA-42F4-8935-E45D8299AE1E}.Release|Any CPU.Build.0 = Release|Any CPU
		{1AADA8D7-6D67-4AC0-89A3-40243679C816}.Debug|Any CPU.ActiveCfg = Debug|Any CPU
		{1AADA8D7-6D67-4AC0-89A3-40243679C816}.Debug|Any CPU.Build.0 = Debug|Any CPU
		{1AADA8D7-6D67-4AC0-89A3-40243679C816}.Release|Any CPU.ActiveCfg = Release|Any CPU
		{1AADA8D7-6D67-4AC0-89A3-40243679C816}.Release|Any CPU.Build.0 = Release|Any CPU
		{255C6836-3400-4800-870D-E455F5ACE4A4}.Debug|Any CPU.ActiveCfg = Debug|Any CPU
		{255C6836-3400-4800-870D-E455F5ACE4A4}.Debug|Any CPU.Build.0 = Debug|Any CPU
		{255C6836-3400-4800-870D-E455F5ACE4A4}.Release|Any CPU.ActiveCfg = Release|Any CPU
		{255C6836-3400-4800-870D-E455F5ACE4A4}.Release|Any CPU.Build.0 = Release|Any CPU
	EndGlobalSection
EndGlobal
